
Microsoft Visual Studio Solution File, Format Version 12.00
# Visual Studio Version 17
VisualStudioVersion = 17.3.32811.315
MinimumVisualStudioVersion = 10.0.40219.1
Project("{FAE04EC0-301F-11D3-BF4B-00C04F79EFBC}") = "NHOM12_CNTT5_K61_QLBanDienThoaiDiDong", "NHOM12_CNTT5_K61_QLBanDienThoaiDiDong\NHOM12_CNTT5_K61_QLBanDienThoaiDiDong.csproj", "{6CA7FA96-E48C-4EDD-AC90-268A238F8952}"
EndProject
Global
	GlobalSection(SolutionConfigurationPlatforms) = preSolution
		Debug|Any CPU = Debug|Any CPU
		Release|Any CPU = Release|Any CPU
	EndGlobalSection
	GlobalSection(ProjectConfigurationPlatforms) = postSolution
		{6CA7FA96-E48C-4EDD-AC90-268A238F8952}.Debug|Any CPU.ActiveCfg = Debug|Any CPU
		{6CA7FA96-E48C-4EDD-AC90-268A238F8952}.Debug|Any CPU.Build.0 = Debug|Any CPU
		{6CA7FA96-E48C-4EDD-AC90-268A238F8952}.Release|Any CPU.ActiveCfg = Release|Any CPU
		{6CA7FA96-E48C-4EDD-AC90-268A238F8952}.Release|Any CPU.Build.0 = Release|Any CPU
	EndGlobalSection
	GlobalSection(SolutionProperties) = preSolution
		HideSolutionNode = FALSE
	EndGlobalSection
	GlobalSection(ExtensibilityGlobals) = postSolution
		SolutionGuid = {AD7D4403-37DD-457A-B42B-256932228032}
	EndGlobalSection
EndGlobal
